
Microsoft Visual Studio Solution File, Format Version 12.00
# Visual Studio Version 17
VisualStudioVersion = 17.0.31903.59
MinimumVisualStudioVersion = 10.0.40219.1
Project("{2150E333-8FDC-42A3-9474-1A3956D46DE8}") = "src", "src", "{6BD583FA-5967-441D-820F-C42E21FBEB27}"
EndProject
Project("{FAE04EC0-301F-11D3-BF4B-00C04F79EFBC}") = "AuctionService", "src\AuctionService\AuctionService.csproj", "{F032BF61-4769-467C-B955-75BF21F3855F}"
EndProject
Project("{FAE04EC0-301F-11D3-BF4B-00C04F79EFBC}") = "SearchService", "src\SearchService\SearchService.csproj", "{B7EC5A7C-197E-4B5C-9D0E-BEAE406A6151}"
EndProject
Project("{FAE04EC0-301F-11D3-BF4B-00C04F79EFBC}") = "Contracts", "src\Contracts\Contracts.csproj", "{27FC7E03-1D9D-4F8D-8BCC-8B28D926B655}"
EndProject
Project("{FAE04EC0-301F-11D3-BF4B-00C04F79EFBC}") = "IdentityService", "src\IdentityService\IdentityService.csproj", "{6F83CCDA-F36E-4A30-92F9-0EFE776E9BB0}"
EndProject
Project("{FAE04EC0-301F-11D3-BF4B-00C04F79EFBC}") = "GatewayService", "src\GatewayService\GatewayService.csproj", "{C0083E78-6AC7-493B-BDC9-9DB11EF61282}"
EndProject
Global
	GlobalSection(SolutionConfigurationPlatforms) = preSolution
		Debug|Any CPU = Debug|Any CPU
		Release|Any CPU = Release|Any CPU
	EndGlobalSection
	GlobalSection(ProjectConfigurationPlatforms) = postSolution
		{F032BF61-4769-467C-B955-75BF21F3855F}.Debug|Any CPU.ActiveCfg = Debug|Any CPU
		{F032BF61-4769-467C-B955-75BF21F3855F}.Debug|Any CPU.Build.0 = Debug|Any CPU
		{F032BF61-4769-467C-B955-75BF21F3855F}.Release|Any CPU.ActiveCfg = Release|Any CPU
		{F032BF61-4769-467C-B955-75BF21F3855F}.Release|Any CPU.Build.0 = Release|Any CPU
		{B7EC5A7C-197E-4B5C-9D0E-BEAE406A6151}.Debug|Any CPU.ActiveCfg = Debug|Any CPU
		{B7EC5A7C-197E-4B5C-9D0E-BEAE406A6151}.Debug|Any CPU.Build.0 = Debug|Any CPU
		{B7EC5A7C-197E-4B5C-9D0E-BEAE406A6151}.Release|Any CPU.ActiveCfg = Release|Any CPU
		{B7EC5A7C-197E-4B5C-9D0E-BEAE406A6151}.Release|Any CPU.Build.0 = Release|Any CPU
		{27FC7E03-1D9D-4F8D-8BCC-8B28D926B655}.Debug|Any CPU.ActiveCfg = Debug|Any CPU
		{27FC7E03-1D9D-4F8D-8BCC-8B28D926B655}.Debug|Any CPU.Build.0 = Debug|Any CPU
		{27FC7E03-1D9D-4F8D-8BCC-8B28D926B655}.Release|Any CPU.ActiveCfg = Release|Any CPU
		{27FC7E03-1D9D-4F8D-8BCC-8B28D926B655}.Release|Any CPU.Build.0 = Release|Any CPU
		{6F83CCDA-F36E-4A30-92F9-0EFE776E9BB0}.Debug|Any CPU.ActiveCfg = Debug|Any CPU
		{6F83CCDA-F36E-4A30-92F9-0EFE776E9BB0}.Debug|Any CPU.Build.0 = Debug|Any CPU
		{6F83CCDA-F36E-4A30-92F9-0EFE776E9BB0}.Release|Any CPU.ActiveCfg = Release|Any CPU
		{6F83CCDA-F36E-4A30-92F9-0EFE776E9BB0}.Release|Any CPU.Build.0 = Release|Any CPU
		{C0083E78-6AC7-493B-BDC9-9DB11EF61282}.Debug|Any CPU.ActiveCfg = Debug|Any CPU
		{C0083E78-6AC7-493B-BDC9-9DB11EF61282}.Debug|Any CPU.Build.0 = Debug|Any CPU
		{C0083E78-6AC7-493B-BDC9-9DB11EF61282}.Release|Any CPU.ActiveCfg = Release|Any CPU
		{C0083E78-6AC7-493B-BDC9-9DB11EF61282}.Release|Any CPU.Build.0 = Release|Any CPU
	EndGlobalSection
	GlobalSection(SolutionProperties) = preSolution
		HideSolutionNode = FALSE
	EndGlobalSection
	GlobalSection(NestedProjects) = preSolution
		{F032BF61-4769-467C-B955-75BF21F3855F} = {6BD583FA-5967-441D-820F-C42E21FBEB27}
		{B7EC5A7C-197E-4B5C-9D0E-BEAE406A6151} = {6BD583FA-5967-441D-820F-C42E21FBEB27}
		{27FC7E03-1D9D-4F8D-8BCC-8B28D926B655} = {6BD583FA-5967-441D-820F-C42E21FBEB27}
		{6F83CCDA-F36E-4A30-92F9-0EFE776E9BB0} = {6BD583FA-5967-441D-820F-C42E21FBEB27}
		{C0083E78-6AC7-493B-BDC9-9DB11EF61282} = {6BD583FA-5967-441D-820F-C42E21FBEB27}
	EndGlobalSection
EndGlobal
